{
  "name": "picket",
  "version": "1.0.0",
  "lockfileVersion": 1,
  "requires": true,
  "dependencies": {
    "babel-polyfill": {
      "version": "6.26.0",
      "resolved": "https://registry.npmjs.org/babel-polyfill/-/babel-polyfill-6.26.0.tgz",
      "integrity": "sha1-N5k3q8Z9eJWXCtxiHyhM2WbPIVM=",
      "dev": true
    },
    "babel-preset-es2015": {
      "version": "6.24.1",
      "resolved": "https://registry.npmjs.org/babel-preset-es2015/-/babel-preset-es2015-6.24.1.tgz",
      "integrity": "sha1-1EBQ1rwsn+6nAqrzjXJ6AhBTiTk=",
      "dev": true
    },
    "babel-register": {
      "version": "6.26.0",
      "resolved": "https://registry.npmjs.org/babel-register/-/babel-register-6.26.0.tgz",
      "integrity": "sha1-btAhFz4vy0htestFxgCahW9kcHE=",
      "dev": true
    },
    "chai": {
      "version": "4.2.0",
      "resolved": "https://registry.npmjs.org/chai/-/chai-4.2.0.tgz",
      "integrity": "sha512-XQU3bhBukrOsQCuwZndwGcCVQHyZi53fQ6Ys1Fym7E4olpIqqZZhhoFJoaKVvV17lWQoXYwgWN2nF5crA8J2jw==",
      "dev": true
    },
    "chrome-webstore-upload-cli": {
      "version": "1.2.0",
      "resolved": "https://registry.npmjs.org/chrome-webstore-upload-cli/-/chrome-webstore-upload-cli-1.2.0.tgz",
      "integrity": "sha512-1//m4IhjZ5vLeKi5HaOJ6mEbYoSuXFRPGvdT1IMczjxZWU7ZTHT0CNWO3pQMNmX7bnGeaLQ6MJGxC2NtpcUSlQ==",
      "dev": true,
      "dependencies": {
        "pify": {
          "version": "2.3.0",
          "resolved": "https://registry.npmjs.org/pify/-/pify-2.3.0.tgz",
          "integrity": "sha1-7RQaasBDqEnqWISY59yosVMw6Qw="
        }
      }
    },
    "mocha": {
      "version": "5.2.0",
      "resolved": "https://registry.npmjs.org/mocha/-/mocha-5.2.0.tgz",
      "integrity": "sha512-2IUgKDhc3J7Uug+FxMXuqIyYzH7gJjXECKe/w43IGgQHTSj3InJi+yAA7T24L9bQMRKiUEHxEX37G5JpVUGLcQ==",
      "dev": true
    },
    "node-fetch": {
      "version": "2.6.1",
      "resolved": "https://registry.npmjs.org/node-fetch/-/node-fetch-2.6.1.tgz",
      "integrity": "sha512-V4aYg89jEoVRxRb2fJdAg8FHvI7cEyYdVAh94HH0UIK8oJxUfkjlDQN9RbMx+bEjP7+ggMiFRprSti032Oipxw==",
      "dev": true
    },
    "rollup": {
      "version": "1.0.0",
      "resolved": "https://registry.npmjs.org/rollup/-/rollup-1.0.0.tgz",
      "integrity": "sha512-LV6Qz+RkuDAfxr9YopU4k5o5P/QA7YNq9xi2Ug2IqOmhPt9sAm89vh3SkNtFok3bqZHX54eMJZ8F68HPejgqtw==",
      "dev": true
    },
    "rollup-copy-plugin": {
      "version": "0.1.0",
      "resolved": "https://registry.npmjs.org/rollup-copy-plugin/-/rollup-copy-plugin-0.1.0.tgz",
      "integrity": "sha1-VAF1AARvVUAXXhaqj5KZTJZSiD0=",
      "dev": true
    },
    "rollup-plugin-json": {
      "version": "4.0.0",
      "resolved": "https://registry.npmjs.org/rollup-plugin-json/-/rollup-plugin-json-4.0.0.tgz",
      "integrity": "sha512-hgb8N7Cgfw5SZAkb3jf0QXii6QX/FOkiIq2M7BAQIEydjHvTyxXHQiIzZaTFgx1GK0cRCHOCBHIyEkkLdWKxow==",
      "dev": true
    },
    "rollup-plugin-replace": {
      "version": "2.1.1",
      "resolved": "https://registry.npmjs.org/rollup-plugin-replace/-/rollup-plugin-replace-2.1.1.tgz",
      "integrity": "sha512-IS5ZYBb3px0UfbDCYzKaKxelLd5dbPHhfplEXbymfvGlz9Ok44At4AjTOWe2qEax73bE8+pnMZN9C7PcVpFNlw==",
      "dev": true
    },
    "selenium-webdriver": {
      "version": "4.0.0-alpha.1",
      "resolved": "https://registry.npmjs.org/selenium-webdriver/-/selenium-webdriver-4.0.0-alpha.1.tgz",
      "integrity": "sha512-z88rdjHAv3jmTZ7KSGUkTvo4rGzcDGMq0oXWHNIDK96Gs31JKVdu9+FMtT4KBrVoibg8dUicJDok6GnqqttO5Q==",
      "dev": true,
      "dependencies": {
        "isarray": {
          "version": "1.0.0",
          "resolved": "https://registry.npmjs.org/isarray/-/isarray-1.0.0.tgz",
          "integrity": "sha1-u5NdSFgsuhaMBoNJV6VKPgcSTxE="
        },
        "jszip": {
          "version": "3.2.1",
          "resolved": "https://registry.npmjs.org/jszip/-/jszip-3.2.1.tgz",
          "integrity": "sha512-iCMBbo4eE5rb1VCpm5qXOAaUiRKRUKiItn8ah2YQQx9qymmSAY98eyQfioChEYcVQLh0zxJ3wS4A0mh90AVPvw=="
        },
        "readable-stream": {
          "version": "2.3.6",
          "resolved": "https://registry.npmjs.org/readable-stream/-/readable-stream-2.3.6.tgz",
          "integrity": "sha512-tQtKA9WIAhBF3+VLAseyMqZeBjW0AHJoxOtYqSUZNJxauErmLbVm2FW1y+J/YA9dUrAC39ITejlZWhVIwawkKw=="
        },
        "string_decoder": {
          "version": "1.1.1",
          "resolved": "https://registry.npmjs.org/string_decoder/-/string_decoder-1.1.1.tgz",
          "integrity": "sha512-n/ShnvDi6FHbbVfviro+WojiFzv+s8MPMHBczVePfUpDJLwoLT0ht1l4YwBCbi8pJAveEEdnkHyPyTP/mzRfwg=="
        },
        "tmp": {
          "version": "0.0.30",
          "resolved": "https://registry.npmjs.org/tmp/-/tmp-0.0.30.tgz",
          "integrity": "sha1-ckGdSovn1s51FI/YsyTlk6cRwu0="
        }
      }
    },
    "sinon": {
      "version": "7.2.2",
      "resolved": "https://registry.npmjs.org/sinon/-/sinon-7.2.2.tgz",
      "integrity": "sha512-WLagdMHiEsrRmee3jr6IIDntOF4kbI6N2pfbi8wkv50qaUQcBglkzkjtoOEbeJ2vf1EsrHhLI+5Ny8//WHdMoA==",
      "dev": true,
      "dependencies": {
        "supports-color": {
          "version": "5.5.0",
          "resolved": "https://registry.npmjs.org/supports-color/-/supports-color-5.5.0.tgz",
          "integrity": "sha512-QjVjwdXIt408MIiAqCX4oUKsgU2EqAGzs2Ppkm4aQYbjm+ZEWEcW4SfFNTr4uMNZma0ey4f5lgLrkB0aX0QMow=="
        }
      }
    },
    "sinon-chai": {
      "version": "3.3.0",
      "resolved": "https://registry.npmjs.org/sinon-chai/-/sinon-chai-3.3.0.tgz",
      "integrity": "sha512-r2JhDY7gbbmh5z3Q62pNbrjxZdOAjpsqW/8yxAZRSqLZqowmfGZPGUZPFf3UX36NLis0cv8VEM5IJh9HgkSOAA==",
      "dev": true
    },
    "web-ext": {
      "version": "3.0.0",
      "resolved": "https://registry.npmjs.org/web-ext/-/web-ext-3.0.0.tgz",
      "integrity": "sha512-pUT2YYSnECH/SqKXB0m92HWzAAOt97wJpkSHu7AddyxzclN3R9A2IHq+KUzaXEjiwWzVs/+yUOSpmuwCDouNNg==",
      "dev": true,
      "dependencies": {
        "source-map": {
          "version": "0.6.1",
          "resolved": "https://registry.npmjs.org/source-map/-/source-map-0.6.1.tgz",
          "integrity": "sha512-UjgapumWlbMhkBgzT7Ykc5YXUT46F0iKu8SGXq0bcwP5dz/h0Plj6enJqjz1Zbq2l5WaqYnrVbwWOWMyF3F47g=="
        },
        "source-map-support": {
          "version": "0.5.3",
          "resolved": "https://registry.npmjs.org/source-map-support/-/source-map-support-0.5.3.tgz",
          "integrity": "sha512-eKkTgWYeBOQqFGXRfKabMFdnWepo51vWqEdoeikaEPFiJC7MCU5j2h4+6Q8npkZTeLGbSyecZvRxiSoWl3rh+w=="
        }
      }
    }
  }
}
